
Microsoft Visual Studio Solution File, Format Version 12.00
# Visual Studio 15
VisualStudioVersion = 15.0.28010.2003
MinimumVisualStudioVersion = 10.0.40219.1
Project("{FAE04EC0-301F-11D3-BF4B-00C04F79EFBC}") = "ParkingRentWeb", "ParkingRentWeb\ParkingRentWeb.csproj", "{0D912466-F288-48CF-BC47-7A81CE200B59}"
EndProject
Global
	GlobalSection(SolutionConfigurationPlatforms) = preSolution
		Debug|Any CPU = Debug|Any CPU
		Release|Any CPU = Release|Any CPU
	EndGlobalSection
	GlobalSection(ProjectConfigurationPlatforms) = postSolution
		{0D912466-F288-48CF-BC47-7A81CE200B59}.Debug|Any CPU.ActiveCfg = Debug|Any CPU
		{0D912466-F288-48CF-BC47-7A81CE200B59}.Debug|Any CPU.Build.0 = Debug|Any CPU
		{0D912466-F288-48CF-BC47-7A81CE200B59}.Release|Any CPU.ActiveCfg = Release|Any CPU
		{0D912466-F288-48CF-BC47-7A81CE200B59}.Release|Any CPU.Build.0 = Release|Any CPU
	EndGlobalSection
	GlobalSection(SolutionProperties) = preSolution
		HideSolutionNode = FALSE
	EndGlobalSection
	GlobalSection(ExtensibilityGlobals) = postSolution
		SolutionGuid = {BA7C4023-8CDE-414F-AF0A-FDE05BA85AC7}
	EndGlobalSection
EndGlobal
